
Microsoft Visual Studio Solution File, Format Version 12.00
# Visual Studio 15
VisualStudioVersion = 15.0.28307.645
MinimumVisualStudioVersion = 10.0.40219.1
Project("{9A19103F-16F7-4668-BE54-9A1E7A4F7556}") = "AdapterPattern", "AdapterPattern\AdapterPattern.csproj", "{E5503988-4B38-4F64-9054-9C3B46B48CDB}"
EndProject
Project("{9A19103F-16F7-4668-BE54-9A1E7A4F7556}") = "BridgePattern", "BridgePattern\BridgePattern.csproj", "{F41D20BC-3419-459F-B0D3-AD09546321F9}"
EndProject
Project("{9A19103F-16F7-4668-BE54-9A1E7A4F7556}") = "DecoratorPattern", "DecoratorPattern\DecoratorPattern.csproj", "{5021CA74-35BF-4B30-912F-CA4B83FCB342}"
EndProject
Project("{9A19103F-16F7-4668-BE54-9A1E7A4F7556}") = "FacadePattern", "FacadePattern\FacadePattern.csproj", "{88D6971F-6E5A-414D-832E-0E69CD4574B7}"
EndProject
Project("{9A19103F-16F7-4668-BE54-9A1E7A4F7556}") = "ProxyPattern", "ProxyPattern\ProxyPattern.csproj", "{DB00A103-D5AB-44F1-971B-AC2D916D45CA}"
EndProject
Project("{9A19103F-16F7-4668-BE54-9A1E7A4F7556}") = "FlyweightPattern", "FlyweightPattern\FlyweightPattern.csproj", "{14AEDEA7-84CC-45BF-A78D-6BBA8456BBBE}"
EndProject
Project("{2150E333-8FDC-42A3-9474-1A3956D46DE8}") = "Structural Patterns", "Structural Patterns", "{83FC35A0-4424-4CC2-86AA-7D5BDF1CBF2E}"
EndProject
Project("{2150E333-8FDC-42A3-9474-1A3956D46DE8}") = "Creational Patterns", "Creational Patterns", "{899A3095-18AE-48E6-8D48-1325F9197053}"
EndProject
Project("{2150E333-8FDC-42A3-9474-1A3956D46DE8}") = "Behavioral Patterns", "Behavioral Patterns", "{2B8190D8-5E7A-4F7F-9BBD-F4425359A212}"
EndProject
Project("{9A19103F-16F7-4668-BE54-9A1E7A4F7556}") = "CompositePattern", "CompositePattern\CompositePattern.csproj", "{ED4A43B9-B8DD-4D34-B4BC-DAFA43455EF3}"
EndProject
Project("{9A19103F-16F7-4668-BE54-9A1E7A4F7556}") = "FactoryMethodPattern", "FactoryPattern\FactoryMethodPattern.csproj", "{AD2EC86F-6EF5-448F-81C8-CDB9C25540DE}"
EndProject
Project("{9A19103F-16F7-4668-BE54-9A1E7A4F7556}") = "BuilderPattern", "BuilderPattern\BuilderPattern.csproj", "{81CBCE12-E063-4911-973F-6D21B7D7B435}"
EndProject
Project("{9A19103F-16F7-4668-BE54-9A1E7A4F7556}") = "PrototypePattern", "PrototypePattern\PrototypePattern.csproj", "{1771D1DF-F692-4E9D-B0BE-DC94621263B3}"
EndProject
Project("{9A19103F-16F7-4668-BE54-9A1E7A4F7556}") = "SingletonPattern", "SingletonPattern\SingletonPattern.csproj", "{40DC5D25-13B1-4063-A660-5889E78CD969}"
EndProject
Project("{9A19103F-16F7-4668-BE54-9A1E7A4F7556}") = "AbstractFactoryPattern", "AbstractFactoryPattern\AbstractFactoryPattern.csproj", "{B99CDA9A-B3BC-42A2-B9C3-1AEC2E85444D}"
EndProject
Project("{9A19103F-16F7-4668-BE54-9A1E7A4F7556}") = "ChainOfResponsibilityPattern", "ChainOfResponsibilityPattern\ChainOfResponsibilityPattern.csproj", "{9C7ECC69-9E31-44E0-B121-81632036C455}"
EndProject
Project("{9A19103F-16F7-4668-BE54-9A1E7A4F7556}") = "CommandPattern", "CommandPattern\CommandPattern.csproj", "{BEA65611-A2F1-4968-8404-BD7EE7D84E98}"
EndProject
Project("{9A19103F-16F7-4668-BE54-9A1E7A4F7556}") = "InterpreterPattern", "InterpreterPattern\InterpreterPattern.csproj", "{8E556344-6997-4C66-ACC2-BD9774298413}"
EndProject
Project("{9A19103F-16F7-4668-BE54-9A1E7A4F7556}") = "IteratorPattern", "IteratorPattern\IteratorPattern.csproj", "{A9EDC618-3852-4408-ACAF-32BBCB702918}"
EndProject
Project("{9A19103F-16F7-4668-BE54-9A1E7A4F7556}") = "MediatorPattern", "MediatorPattern\MediatorPattern.csproj", "{D13A170A-CD68-478C-8B77-4421E6A45959}"
EndProject
Project("{9A19103F-16F7-4668-BE54-9A1E7A4F7556}") = "MementoPattern", "MementoPattern\MementoPattern.csproj", "{D77A1A84-4540-4428-AD6A-2794E0CD3611}"
EndProject
Project("{9A19103F-16F7-4668-BE54-9A1E7A4F7556}") = "ObserverPattern", "ObserverPattern\ObserverPattern.csproj", "{4A6DAB68-9A23-4BE2-9F6E-BF43462F0601}"
EndProject
Project("{9A19103F-16F7-4668-BE54-9A1E7A4F7556}") = "StatePattern", "StatePattern\StatePattern.csproj", "{FA181F64-2BDD-4C1E-AEB1-A247BEBDCC97}"
EndProject
Project("{9A19103F-16F7-4668-BE54-9A1E7A4F7556}") = "StrategyPattern", "StrategyPattern\StrategyPattern.csproj", "{AFD54718-2A27-4642-A136-F84BDE3C9751}"
EndProject
Project("{9A19103F-16F7-4668-BE54-9A1E7A4F7556}") = "TemplateMethodPattern", "TemplateMethodPattern\TemplateMethodPattern.csproj", "{DFCCE552-DB1C-48D9-A949-EC1C55BC9141}"
EndProject
Project("{9A19103F-16F7-4668-BE54-9A1E7A4F7556}") = "VisitorPattern", "VisitorPattern\VisitorPattern.csproj", "{67DA9874-8607-487F-93EA-419DF77288FC}"
EndProject
Project("{2150E333-8FDC-42A3-9474-1A3956D46DE8}") = "Other Patterns", "Other Patterns", "{49E67948-284D-4856-805A-D28FB1B06618}"
EndProject
Project("{FAE04EC0-301F-11D3-BF4B-00C04F79EFBC}") = "FilterPattern", "FilterPattern\FilterPattern.csproj", "{C0E8FC92-E6CC-41C1-8B97-90140FD4990B}"
EndProject
Project("{FAE04EC0-301F-11D3-BF4B-00C04F79EFBC}") = "NullObjectPattern", "NullObjectPattern\NullObjectPattern.csproj", "{23EED288-35FF-4118-8178-F0456A17FED2}"
EndProject
Global
	GlobalSection(SolutionConfigurationPlatforms) = preSolution
		Debug|Any CPU = Debug|Any CPU
		Release|Any CPU = Release|Any CPU
	EndGlobalSection
	GlobalSection(ProjectConfigurationPlatforms) = postSolution
		{E5503988-4B38-4F64-9054-9C3B46B48CDB}.Debug|Any CPU.ActiveCfg = Debug|Any CPU
		{E5503988-4B38-4F64-9054-9C3B46B48CDB}.Debug|Any CPU.Build.0 = Debug|Any CPU
		{E5503988-4B38-4F64-9054-9C3B46B48CDB}.Release|Any CPU.ActiveCfg = Release|Any CPU
		{E5503988-4B38-4F64-9054-9C3B46B48CDB}.Release|Any CPU.Build.0 = Release|Any CPU
		{F41D20BC-3419-459F-B0D3-AD09546321F9}.Debug|Any CPU.ActiveCfg = Debug|Any CPU
		{F41D20BC-3419-459F-B0D3-AD09546321F9}.Debug|Any CPU.Build.0 = Debug|Any CPU
		{F41D20BC-3419-459F-B0D3-AD09546321F9}.Release|Any CPU.ActiveCfg = Release|Any CPU
		{F41D20BC-3419-459F-B0D3-AD09546321F9}.Release|Any CPU.Build.0 = Release|Any CPU
		{5021CA74-35BF-4B30-912F-CA4B83FCB342}.Debug|Any CPU.ActiveCfg = Debug|Any CPU
		{5021CA74-35BF-4B30-912F-CA4B83FCB342}.Debug|Any CPU.Build.0 = Debug|Any CPU
		{5021CA74-35BF-4B30-912F-CA4B83FCB342}.Release|Any CPU.ActiveCfg = Release|Any CPU
		{5021CA74-35BF-4B30-912F-CA4B83FCB342}.Release|Any CPU.Build.0 = Release|Any CPU
		{88D6971F-6E5A-414D-832E-0E69CD4574B7}.Debug|Any CPU.ActiveCfg = Debug|Any CPU
		{88D6971F-6E5A-414D-832E-0E69CD4574B7}.Debug|Any CPU.Build.0 = Debug|Any CPU
		{88D6971F-6E5A-414D-832E-0E69CD4574B7}.Release|Any CPU.ActiveCfg = Release|Any CPU
		{88D6971F-6E5A-414D-832E-0E69CD4574B7}.Release|Any CPU.Build.0 = Release|Any CPU
		{DB00A103-D5AB-44F1-971B-AC2D916D45CA}.Debug|Any CPU.ActiveCfg = Debug|Any CPU
		{DB00A103-D5AB-44F1-971B-AC2D916D45CA}.Debug|Any CPU.Build.0 = Debug|Any CPU
		{DB00A103-D5AB-44F1-971B-AC2D916D45CA}.Release|Any CPU.ActiveCfg = Release|Any CPU
		{DB00A103-D5AB-44F1-971B-AC2D916D45CA}.Release|Any CPU.Build.0 = Release|Any CPU
		{14AEDEA7-84CC-45BF-A78D-6BBA8456BBBE}.Debug|Any CPU.ActiveCfg = Debug|Any CPU
		{14AEDEA7-84CC-45BF-A78D-6BBA8456BBBE}.Debug|Any CPU.Build.0 = Debug|Any CPU
		{14AEDEA7-84CC-45BF-A78D-6BBA8456BBBE}.Release|Any CPU.ActiveCfg = Release|Any CPU
		{14AEDEA7-84CC-45BF-A78D-6BBA8456BBBE}.Release|Any CPU.Build.0 = Release|Any CPU
		{ED4A43B9-B8DD-4D34-B4BC-DAFA43455EF3}.Debug|Any CPU.ActiveCfg = Debug|Any CPU
		{ED4A43B9-B8DD-4D34-B4BC-DAFA43455EF3}.Debug|Any CPU.Build.0 = Debug|Any CPU
		{ED4A43B9-B8DD-4D34-B4BC-DAFA43455EF3}.Release|Any CPU.ActiveCfg = Release|Any CPU
		{ED4A43B9-B8DD-4D34-B4BC-DAFA43455EF3}.Release|Any CPU.Build.0 = Release|Any CPU
		{AD2EC86F-6EF5-448F-81C8-CDB9C25540DE}.Debug|Any CPU.ActiveCfg = Debug|Any CPU
		{AD2EC86F-6EF5-448F-81C8-CDB9C25540DE}.Debug|Any CPU.Build.0 = Debug|Any CPU
		{AD2EC86F-6EF5-448F-81C8-CDB9C25540DE}.Release|Any CPU.ActiveCfg = Release|Any CPU
		{AD2EC86F-6EF5-448F-81C8-CDB9C25540DE}.Release|Any CPU.Build.0 = Release|Any CPU
		{81CBCE12-E063-4911-973F-6D21B7D7B435}.Debug|Any CPU.ActiveCfg = Debug|Any CPU
		{81CBCE12-E063-4911-973F-6D21B7D7B435}.Debug|Any CPU.Build.0 = Debug|Any CPU
		{81CBCE12-E063-4911-973F-6D21B7D7B435}.Release|Any CPU.ActiveCfg = Release|Any CPU
		{81CBCE12-E063-4911-973F-6D21B7D7B435}.Release|Any CPU.Build.0 = Release|Any CPU
		{1771D1DF-F692-4E9D-B0BE-DC94621263B3}.Debug|Any CPU.ActiveCfg = Debug|Any CPU
		{1771D1DF-F692-4E9D-B0BE-DC94621263B3}.Debug|Any CPU.Build.0 = Debug|Any CPU
		{1771D1DF-F692-4E9D-B0BE-DC94621263B3}.Release|Any CPU.ActiveCfg = Release|Any CPU
		{1771D1DF-F692-4E9D-B0BE-DC94621263B3}.Release|Any CPU.Build.0 = Release|Any CPU
		{40DC5D25-13B1-4063-A660-5889E78CD969}.Debug|Any CPU.ActiveCfg = Debug|Any CPU
		{40DC5D25-13B1-4063-A660-5889E78CD969}.Debug|Any CPU.Build.0 = Debug|Any CPU
		{40DC5D25-13B1-4063-A660-5889E78CD969}.Release|Any CPU.ActiveCfg = Release|Any CPU
		{40DC5D25-13B1-4063-A660-5889E78CD969}.Release|Any CPU.Build.0 = Release|Any CPU
		{B99CDA9A-B3BC-42A2-B9C3-1AEC2E85444D}.Debug|Any CPU.ActiveCfg = Debug|Any CPU
		{B99CDA9A-B3BC-42A2-B9C3-1AEC2E85444D}.Debug|Any CPU.Build.0 = Debug|Any CPU
		{B99CDA9A-B3BC-42A2-B9C3-1AEC2E85444D}.Release|Any CPU.ActiveCfg = Release|Any CPU
		{B99CDA9A-B3BC-42A2-B9C3-1AEC2E85444D}.Release|Any CPU.Build.0 = Release|Any CPU
		{9C7ECC69-9E31-44E0-B121-81632036C455}.Debug|Any CPU.ActiveCfg = Debug|Any CPU
		{9C7ECC69-9E31-44E0-B121-81632036C455}.Debug|Any CPU.Build.0 = Debug|Any CPU
		{9C7ECC69-9E31-44E0-B121-81632036C455}.Release|Any CPU.ActiveCfg = Release|Any CPU
		{9C7ECC69-9E31-44E0-B121-81632036C455}.Release|Any CPU.Build.0 = Release|Any CPU
		{BEA65611-A2F1-4968-8404-BD7EE7D84E98}.Debug|Any CPU.ActiveCfg = Debug|Any CPU
		{BEA65611-A2F1-4968-8404-BD7EE7D84E98}.Debug|Any CPU.Build.0 = Debug|Any CPU
		{BEA65611-A2F1-4968-8404-BD7EE7D84E98}.Release|Any CPU.ActiveCfg = Release|Any CPU
		{BEA65611-A2F1-4968-8404-BD7EE7D84E98}.Release|Any CPU.Build.0 = Release|Any CPU
		{8E556344-6997-4C66-ACC2-BD9774298413}.Debug|Any CPU.ActiveCfg = Debug|Any CPU
		{8E556344-6997-4C66-ACC2-BD9774298413}.Debug|Any CPU.Build.0 = Debug|Any CPU
		{8E556344-6997-4C66-ACC2-BD9774298413}.Release|Any CPU.ActiveCfg = Release|Any CPU
		{8E556344-6997-4C66-ACC2-BD9774298413}.Release|Any CPU.Build.0 = Release|Any CPU
		{A9EDC618-3852-4408-ACAF-32BBCB702918}.Debug|Any CPU.ActiveCfg = Debug|Any CPU
		{A9EDC618-3852-4408-ACAF-32BBCB702918}.Debug|Any CPU.Build.0 = Debug|Any CPU
		{A9EDC618-3852-4408-ACAF-32BBCB702918}.Release|Any CPU.ActiveCfg = Release|Any CPU
		{A9EDC618-3852-4408-ACAF-32BBCB702918}.Release|Any CPU.Build.0 = Release|Any CPU
		{D13A170A-CD68-478C-8B77-4421E6A45959}.Debug|Any CPU.ActiveCfg = Debug|Any CPU
		{D13A170A-CD68-478C-8B77-4421E6A45959}.Debug|Any CPU.Build.0 = Debug|Any CPU
		{D13A170A-CD68-478C-8B77-4421E6A45959}.Release|Any CPU.ActiveCfg = Release|Any CPU
		{D13A170A-CD68-478C-8B77-4421E6A45959}.Release|Any CPU.Build.0 = Release|Any CPU
		{D77A1A84-4540-4428-AD6A-2794E0CD3611}.Debug|Any CPU.ActiveCfg = Debug|Any CPU
		{D77A1A84-4540-4428-AD6A-2794E0CD3611}.Debug|Any CPU.Build.0 = Debug|Any CPU
		{D77A1A84-4540-4428-AD6A-2794E0CD3611}.Release|Any CPU.ActiveCfg = Release|Any CPU
		{D77A1A84-4540-4428-AD6A-2794E0CD3611}.Release|Any CPU.Build.0 = Release|Any CPU
		{4A6DAB68-9A23-4BE2-9F6E-BF43462F0601}.Debug|Any CPU.ActiveCfg = Debug|Any CPU
		{4A6DAB68-9A23-4BE2-9F6E-BF43462F0601}.Debug|Any CPU.Build.0 = Debug|Any CPU
		{4A6DAB68-9A23-4BE2-9F6E-BF43462F0601}.Release|Any CPU.ActiveCfg = Release|Any CPU
		{4A6DAB68-9A23-4BE2-9F6E-BF43462F0601}.Release|Any CPU.Build.0 = Release|Any CPU
		{FA181F64-2BDD-4C1E-AEB1-A247BEBDCC97}.Debug|Any CPU.ActiveCfg = Debug|Any CPU
		{FA181F64-2BDD-4C1E-AEB1-A247BEBDCC97}.Debug|Any CPU.Build.0 = Debug|Any CPU
		{FA181F64-2BDD-4C1E-AEB1-A247BEBDCC97}.Release|Any CPU.ActiveCfg = Release|Any CPU
		{FA181F64-2BDD-4C1E-AEB1-A247BEBDCC97}.Release|Any CPU.Build.0 = Release|Any CPU
		{AFD54718-2A27-4642-A136-F84BDE3C9751}.Debug|Any CPU.ActiveCfg = Debug|Any CPU
		{AFD54718-2A27-4642-A136-F84BDE3C9751}.Debug|Any CPU.Build.0 = Debug|Any CPU
		{AFD54718-2A27-4642-A136-F84BDE3C9751}.Release|Any CPU.ActiveCfg = Release|Any CPU
		{AFD54718-2A27-4642-A136-F84BDE3C9751}.Release|Any CPU.Build.0 = Release|Any CPU
		{DFCCE552-DB1C-48D9-A949-EC1C55BC9141}.Debug|Any CPU.ActiveCfg = Debug|Any CPU
		{DFCCE552-DB1C-48D9-A949-EC1C55BC9141}.Debug|Any CPU.Build.0 = Debug|Any CPU
		{DFCCE552-DB1C-48D9-A949-EC1C55BC9141}.Release|Any CPU.ActiveCfg = Release|Any CPU
		{DFCCE552-DB1C-48D9-A949-EC1C55BC9141}.Release|Any CPU.Build.0 = Release|Any CPU
		{67DA9874-8607-487F-93EA-419DF77288FC}.Debug|Any CPU.ActiveCfg = Debug|Any CPU
		{67DA9874-8607-487F-93EA-419DF77288FC}.Debug|Any CPU.Build.0 = Debug|Any CPU
		{67DA9874-8607-487F-93EA-419DF77288FC}.Release|Any CPU.ActiveCfg = Release|Any CPU
		{67DA9874-8607-487F-93EA-419DF77288FC}.Release|Any CPU.Build.0 = Release|Any CPU
		{C0E8FC92-E6CC-41C1-8B97-90140FD4990B}.Debug|Any CPU.ActiveCfg = Debug|Any CPU
		{C0E8FC92-E6CC-41C1-8B97-90140FD4990B}.Debug|Any CPU.Build.0 = Debug|Any CPU
		{C0E8FC92-E6CC-41C1-8B97-90140FD4990B}.Release|Any CPU.ActiveCfg = Release|Any CPU
		{C0E8FC92-E6CC-41C1-8B97-90140FD4990B}.Release|Any CPU.Build.0 = Release|Any CPU
		{23EED288-35FF-4118-8178-F0456A17FED2}.Debug|Any CPU.ActiveCfg = Debug|Any CPU
		{23EED288-35FF-4118-8178-F0456A17FED2}.Debug|Any CPU.Build.0 = Debug|Any CPU
		{23EED288-35FF-4118-8178-F0456A17FED2}.Release|Any CPU.ActiveCfg = Release|Any CPU
		{23EED288-35FF-4118-8178-F0456A17FED2}.Release|Any CPU.Build.0 = Release|Any CPU
	EndGlobalSection
	GlobalSection(SolutionProperties) = preSolution
		HideSolutionNode = FALSE
	EndGlobalSection
	GlobalSection(NestedProjects) = preSolution
		{E5503988-4B38-4F64-9054-9C3B46B48CDB} = {83FC35A0-4424-4CC2-86AA-7D5BDF1CBF2E}
		{F41D20BC-3419-459F-B0D3-AD09546321F9} = {83FC35A0-4424-4CC2-86AA-7D5BDF1CBF2E}
		{5021CA74-35BF-4B30-912F-CA4B83FCB342} = {83FC35A0-4424-4CC2-86AA-7D5BDF1CBF2E}
		{88D6971F-6E5A-414D-832E-0E69CD4574B7} = {83FC35A0-4424-4CC2-86AA-7D5BDF1CBF2E}
		{DB00A103-D5AB-44F1-971B-AC2D916D45CA} = {83FC35A0-4424-4CC2-86AA-7D5BDF1CBF2E}
		{14AEDEA7-84CC-45BF-A78D-6BBA8456BBBE} = {83FC35A0-4424-4CC2-86AA-7D5BDF1CBF2E}
		{ED4A43B9-B8DD-4D34-B4BC-DAFA43455EF3} = {83FC35A0-4424-4CC2-86AA-7D5BDF1CBF2E}
		{AD2EC86F-6EF5-448F-81C8-CDB9C25540DE} = {899A3095-18AE-48E6-8D48-1325F9197053}
		{81CBCE12-E063-4911-973F-6D21B7D7B435} = {899A3095-18AE-48E6-8D48-1325F9197053}
		{1771D1DF-F692-4E9D-B0BE-DC94621263B3} = {899A3095-18AE-48E6-8D48-1325F9197053}
		{40DC5D25-13B1-4063-A660-5889E78CD969} = {899A3095-18AE-48E6-8D48-1325F9197053}
		{B99CDA9A-B3BC-42A2-B9C3-1AEC2E85444D} = {899A3095-18AE-48E6-8D48-1325F9197053}
		{9C7ECC69-9E31-44E0-B121-81632036C455} = {2B8190D8-5E7A-4F7F-9BBD-F4425359A212}
		{BEA65611-A2F1-4968-8404-BD7EE7D84E98} = {2B8190D8-5E7A-4F7F-9BBD-F4425359A212}
		{8E556344-6997-4C66-ACC2-BD9774298413} = {2B8190D8-5E7A-4F7F-9BBD-F4425359A212}
		{A9EDC618-3852-4408-ACAF-32BBCB702918} = {2B8190D8-5E7A-4F7F-9BBD-F4425359A212}
		{D13A170A-CD68-478C-8B77-4421E6A45959} = {2B8190D8-5E7A-4F7F-9BBD-F4425359A212}
		{D77A1A84-4540-4428-AD6A-2794E0CD3611} = {2B8190D8-5E7A-4F7F-9BBD-F4425359A212}
		{4A6DAB68-9A23-4BE2-9F6E-BF43462F0601} = {2B8190D8-5E7A-4F7F-9BBD-F4425359A212}
		{FA181F64-2BDD-4C1E-AEB1-A247BEBDCC97} = {2B8190D8-5E7A-4F7F-9BBD-F4425359A212}
		{AFD54718-2A27-4642-A136-F84BDE3C9751} = {2B8190D8-5E7A-4F7F-9BBD-F4425359A212}
		{DFCCE552-DB1C-48D9-A949-EC1C55BC9141} = {2B8190D8-5E7A-4F7F-9BBD-F4425359A212}
		{67DA9874-8607-487F-93EA-419DF77288FC} = {2B8190D8-5E7A-4F7F-9BBD-F4425359A212}
		{C0E8FC92-E6CC-41C1-8B97-90140FD4990B} = {49E67948-284D-4856-805A-D28FB1B06618}
		{23EED288-35FF-4118-8178-F0456A17FED2} = {49E67948-284D-4856-805A-D28FB1B06618}
	EndGlobalSection
	GlobalSection(ExtensibilityGlobals) = postSolution
		SolutionGuid = {84D85DA6-8989-46E0-91D7-2333D1B710F0}
	EndGlobalSection
EndGlobal
